// !$*UTF8*$!
{
	archiveVersion = 1;
	classes = {
	};
	objectVersion = 77;
	objects = {

/* Begin PBXBuildFile section */
		00B42D6833ECBC3F21E7ACD8 /* AgentUndoRecordStore.swift in Sources */ = {isa = PBXBuildFile; fileRef = 81EA70C7FD6D22D04ED6289E /* AgentUndoRecordStore.swift */; };
		0417EC953AF2E553AD1E4151 /* AgentOrchestrator.swift in Sources */ = {isa = PBXBuildFile; fileRef = 6B34124AB97C1BDEBF127F35 /* AgentOrchestrator.swift */; };
		058E1CEF6D2E4870269225B6 /* AgentPendingInteractionCommandTests.swift in Sources */ = {isa = PBXBuildFile; fileRef = 970734CECDFEC50A44640CBC /* AgentPendingInteractionCommandTests.swift */; };
		07B5998A2A36A328D9A65974 /* AgentUndoCommand.swift in Sources */ = {isa = PBXBuildFile; fileRef = 82554A11D47CE838D01EDFC8 /* AgentUndoCommand.swift */; };
		094058AD91F2E2E35CF19249 /* AgentExecutionPolicyEvaluator.swift in Sources */ = {isa = PBXBuildFile; fileRef = DF4CA3B11D09C0C760CB17C0 /* AgentExecutionPolicyEvaluator.swift */; };
		0C99A88F29D2BA41DD32D10C /* AgentStructuredModelClient.swift in Sources */ = {isa = PBXBuildFile; fileRef = ABAB0D9B53C53EA0764EDC4D /* AgentStructuredModelClient.swift */; };
		115B1B0973B4D91AFCBAAE2C /* ReminderAgentToolExecutors.swift in Sources */ = {isa = PBXBuildFile; fileRef = 754EC8DBB26532FDC7F98EA1 /* ReminderAgentToolExecutors.swift */; };
		124FD73019AF5E5B6A589672 /* AgentSessionContextStore.swift in Sources */ = {isa = PBXBuildFile; fileRef = 54F05D02AD51F310ACA5C6EB /* AgentSessionContextStore.swift */; };
		14FD34D3C53AEA882CEDD015 /* agent-evaluation-cases.json in Resources */ = {isa = PBXBuildFile; fileRef = 69880025DA582D706568A54C /* agent-evaluation-cases.json */; };
		1B097FC80219208736D9F8A0 /* ReminderQueryServiceTests.swift in Sources */ = {isa = PBXBuildFile; fileRef = DC99913A440A54CDA6AD722C /* ReminderQueryServiceTests.swift */; };
		21CF03D972636AE7F2E50D21 /* VoiceTranscriptionService.swift in Sources */ = {isa = PBXBuildFile; fileRef = 9E7FC6AD668F4F54377E08C3 /* VoiceTranscriptionService.swift */; };
		230E589FD4FEE3539D2BE21C /* Secrets.local.plist.example in Resources */ = {isa = PBXBuildFile; fileRef = E0CC7F983D8C8EA3EBB59ABE /* Secrets.local.plist.example */; };
		23A6E46C36C202AB9622A44D /* AgentPendingInteractionCommand.swift in Sources */ = {isa = PBXBuildFile; fileRef = 625BA9C8A0D0802629BCF3E7 /* AgentPendingInteractionCommand.swift */; };
		2601BD9781015D78AC01BE4D /* AgentPendingInteractionStore.swift in Sources */ = {isa = PBXBuildFile; fileRef = 61D0CEC8E05241C7FF872775 /* AgentPendingInteractionStore.swift */; };
		29C9ACB09BFE662A5BB73B8D /* AIGTDRemindersApp.swift in Sources */ = {isa = PBXBuildFile; fileRef = D23494101E3F7A590C8FAB37 /* AIGTDRemindersApp.swift */; };
		2E671B245F8A5BD7BA0CD412 /* Assets.xcassets in Resources */ = {isa = PBXBuildFile; fileRef = ADB922E4CE7166A8ED71E0BE /* Assets.xcassets */; };
		309549CFDC9B00AB1CEE1EF4 /* RemoteResponseDebugStore.swift in Sources */ = {isa = PBXBuildFile; fileRef = 1F749D29C1583F86683582DA /* RemoteResponseDebugStore.swift */; };
		378286AF9DF81837AC938608 /* AgentStructuredModelClientTests.swift in Sources */ = {isa = PBXBuildFile; fileRef = 2D47A7B3CA11CF2E8713509C /* AgentStructuredModelClientTests.swift */; };
		38EC65C0D26ED3EE15580C62 /* RootView.swift in Sources */ = {isa = PBXBuildFile; fileRef = C87E4ACD49E00FC289F8C284 /* RootView.swift */; };
		3ECE0C5144158C5B5243F868 /* AgentPendingInteractionStoreTests.swift in Sources */ = {isa = PBXBuildFile; fileRef = EFEC518B98A5FD325433518E /* AgentPendingInteractionStoreTests.swift */; };
		3F1C53AD9B88216F50DDE2D9 /* AgentUndoRecordStoreTests.swift in Sources */ = {isa = PBXBuildFile; fileRef = 782950BF73B704F1ACCAF0E8 /* AgentUndoRecordStoreTests.swift */; };
		422DD634CB3507557E2CE48C /* AgentToolBatchExecutionTests.swift in Sources */ = {isa = PBXBuildFile; fileRef = 6B90A8FC0F72F25FA724D22C /* AgentToolBatchExecutionTests.swift */; };
		436118BB8996C3066471D2C2 /* AgentExecutionPolicyEvaluatorTests.swift in Sources */ = {isa = PBXBuildFile; fileRef = 8C2FFF126F5534B3B93DD737 /* AgentExecutionPolicyEvaluatorTests.swift */; };
		492401C23F008035267ACCD8 /* DefaultConfigurationSeeder.swift in Sources */ = {isa = PBXBuildFile; fileRef = A57C47BC5BA7A5574F586D6D /* DefaultConfigurationSeeder.swift */; };
		4A8B296AAFA1B0C055BCDCF1 /* AIGTDAgentDocuments.swift in Sources */ = {isa = PBXBuildFile; fileRef = 0EC160B41D24767E78DE1E07 /* AIGTDAgentDocuments.swift */; };
		4B7D3F9EA92D845D4065B722 /* AgentSchedulePlanStore.swift in Sources */ = {isa = PBXBuildFile; fileRef = 39150E55B8EB615DD8318400 /* AgentSchedulePlanStore.swift */; };
		4F45D2821BE12A35F19ADA20 /* AgentMemoryPolicyTests.swift in Sources */ = {isa = PBXBuildFile; fileRef = A955246A0E006B7D5B594C5F /* AgentMemoryPolicyTests.swift */; };
		56FB35CDDEAA97B7BC50F773 /* agent_tool_eval_cases.json in Resources */ = {isa = PBXBuildFile; fileRef = 311E08002E75968D62D2922D /* agent_tool_eval_cases.json */; };
		5955508DC49DE4BD710FB80D /* AgentDocumentContextTests.swift in Sources */ = {isa = PBXBuildFile; fileRef = 29CD77AE96878FD176DEA9AD /* AgentDocumentContextTests.swift */; };
		5A0B3033678E50DAC903D63D /* AgentReferenceResolver.swift in Sources */ = {isa = PBXBuildFile; fileRef = 9E7C4AB01F2C8C89AA17BE5B /* AgentReferenceResolver.swift */; };
		5BA9548F88D66AFE87FB2EB7 /* agent_context_eval_cases.json in Resources */ = {isa = PBXBuildFile; fileRef = 47F37D02EEAF6EFD7C80AD30 /* agent_context_eval_cases.json */; };
		5BAEBB9D580B4B424A8015C4 /* AppleRemindersMapping.swift in Sources */ = {isa = PBXBuildFile; fileRef = 3B0D19F4FEB5D7DFC049EAC5 /* AppleRemindersMapping.swift */; };
		5C0BA0AC461A267352A3E19F /* AgentToolBatchExecution.swift in Sources */ = {isa = PBXBuildFile; fileRef = 87646A9679C75D452B03FE39 /* AgentToolBatchExecution.swift */; };
		5D24263642CF9335EBE11075 /* AgentContextModels.swift in Sources */ = {isa = PBXBuildFile; fileRef = 77D2B241DA1C9D576CCA9E49 /* AgentContextModels.swift */; };
		60E90CD2F2129A7D8CE3CB9B /* ModelSettingsView.swift in Sources */ = {isa = PBXBuildFile; fileRef = C92089647182248143878AD0 /* ModelSettingsView.swift */; };
		621BFBE4E66D27620D412702 /* ReminderStoreGateway.swift in Sources */ = {isa = PBXBuildFile; fileRef = 27193BA834B90A9D917D87CC /* ReminderStoreGateway.swift */; };
		66ADE3A2C57E8F72541225B6 /* AgentReferenceRecorder.swift in Sources */ = {isa = PBXBuildFile; fileRef = 2AF41014B94941F66FB27B90 /* AgentReferenceRecorder.swift */; };
		67C951FBA23E7788F9BAA103 /* AgentTraceService.swift in Sources */ = {isa = PBXBuildFile; fileRef = BDC2541D6F7FE85A0D45DB8E /* AgentTraceService.swift */; };
		6BBCFD367C4A03B8820B222A /* AgentContextBuilderTests.swift in Sources */ = {isa = PBXBuildFile; fileRef = DEEC0C5AE8DE491E015A974E /* AgentContextBuilderTests.swift */; };
		6BD1870F03E44A35D4CFF90E /* AgentSessionSummaryTests.swift in Sources */ = {isa = PBXBuildFile; fileRef = CF1E538288B1FD2501812153 /* AgentSessionSummaryTests.swift */; };
		6EB35D8201611C849CBB46A6 /* Pods_AIGTDReminders.framework in Frameworks */ = {isa = PBXBuildFile; fileRef = 5F9C5677AD35413D864127EA /* Pods_AIGTDReminders.framework */; };
		74EF71E0BB1086075B2CFA33 /* ReminderCommandSafetyTests.swift in Sources */ = {isa = PBXBuildFile; fileRef = F8CF40EEDF16D1BE5EE97A2B /* ReminderCommandSafetyTests.swift */; };
		76DEE11C4B8B91F3CCA9E83A /* MockAgentService.swift in Sources */ = {isa = PBXBuildFile; fileRef = 2524DFE32D2C0242C8FBE4AF /* MockAgentService.swift */; };
		771EE99D656DAC6E04CD8EAB /* SmokeTests.swift in Sources */ = {isa = PBXBuildFile; fileRef = 01EBD9BD4DB828A12F696953 /* SmokeTests.swift */; };
		79EADE685771EF1DDAB87D5B /* ReminderAgentToolExecutorsTests.swift in Sources */ = {isa = PBXBuildFile; fileRef = EFD73380E6207062D47A67E7 /* ReminderAgentToolExecutorsTests.swift */; };
		7B75D4B28D070264B12867F0 /* Localizable.strings in Resources */ = {isa = PBXBuildFile; fileRef = CF2CDEADC8E6FFC3DCB81ADA /* Localizable.strings */; };
		83A48928971A656B939F3383 /* AgentToolExecutionLedger.swift in Sources */ = {isa = PBXBuildFile; fileRef = E66D90F440E5999D2D09D6CE /* AgentToolExecutionLedger.swift */; };
		912DC57FF05775D593BCF70E /* AgentUndoCommandTests.swift in Sources */ = {isa = PBXBuildFile; fileRef = C71C96092D40E6BB32931563 /* AgentUndoCommandTests.swift */; };
		938468A6BB0B4F4CF5259EB1 /* AgentContextBuilder.swift in Sources */ = {isa = PBXBuildFile; fileRef = DA59D5A19254384847732B9B /* AgentContextBuilder.swift */; };
		953C0FA4F6185FFF7D951C4E /* ReminderQueryService.swift in Sources */ = {isa = PBXBuildFile; fileRef = 5300D714E8A130D28C534A1F /* ReminderQueryService.swift */; };
		98585CF759CA1E71D32B0EDA /* AgentOrchestratorTests.swift in Sources */ = {isa = PBXBuildFile; fileRef = E8A86A6560835318796C83C7 /* AgentOrchestratorTests.swift */; };
		999F5FBA9E43C46AC3275A9A /* ReschedulePlannerTests.swift in Sources */ = {isa = PBXBuildFile; fileRef = 0D7907A4562986BA27718E3D /* ReschedulePlannerTests.swift */; };
		9E146E76E4B625A8C863C0C6 /* AgentMemoryPolicy.swift in Sources */ = {isa = PBXBuildFile; fileRef = 51FAD71C0DCA3A7C7556E86F /* AgentMemoryPolicy.swift */; };
		9FECE82229E9BDCF768543DF /* AgentContextEvaluationFixtureTests.swift in Sources */ = {isa = PBXBuildFile; fileRef = 3A9074FC65DD6942DB495D2A /* AgentContextEvaluationFixtureTests.swift */; };
		A3212364FC81AC936674F836 /* LocalSecretsLoader.swift in Sources */ = {isa = PBXBuildFile; fileRef = 4336186B28915AA2CDE22C74 /* LocalSecretsLoader.swift */; };
		A6A5AE8A05F6A43C97415EE0 /* AgentRecoveryPlanner.swift in Sources */ = {isa = PBXBuildFile; fileRef = 749E6F9BBFC9FA2793ED1A82 /* AgentRecoveryPlanner.swift */; };
		A7A0567A633A8FCDCD2714DB /* AgentSchedulePlanStoreTests.swift in Sources */ = {isa = PBXBuildFile; fileRef = 749FCAD193FF06A604EA4CF8 /* AgentSchedulePlanStoreTests.swift */; };
		A7D79C64F7B101F79DD8515F /* AgentRunStoreTests.swift in Sources */ = {isa = PBXBuildFile; fileRef = 878BA0831896777B6D59F34A /* AgentRunStoreTests.swift */; };
		ACBD27044522B194186CE16A /* AgentHomeView.swift in Sources */ = {isa = PBXBuildFile; fileRef = 9F133E21C3EDDC5486091F74 /* AgentHomeView.swift */; };
		BB6A91BC04BD094FDF3E2090 /* AgentToolExecutionLedgerTests.swift in Sources */ = {isa = PBXBuildFile; fileRef = 8673DD19E4129092BA299983 /* AgentToolExecutionLedgerTests.swift */; };
		BC5F86342772E0B4253D9918 /* PersistenceModels.swift in Sources */ = {isa = PBXBuildFile; fileRef = 5BD5CC43506B2F329746582C /* PersistenceModels.swift */; };
		BE9FD5179F7CA0F1BBF219F1 /* OnboardingRootView.swift in Sources */ = {isa = PBXBuildFile; fileRef = 87480D675543CCDECFB891CB /* OnboardingRootView.swift */; };
		BEE5174E64EF034954DD2D6D /* Secrets.local.plist in Resources */ = {isa = PBXBuildFile; fileRef = DD422EEC423D82DCE927DF7B /* Secrets.local.plist */; };
		BFFCC36D74C3E45ABB5E9B8B /* AgentDiagnosticsTests.swift in Sources */ = {isa = PBXBuildFile; fileRef = 40A347872C5391B095D16F28 /* AgentDiagnosticsTests.swift */; };
		C0CF1576D8ACB4BAEA59B430 /* ReminderPermissionService.swift in Sources */ = {isa = PBXBuildFile; fileRef = 160FCD36BABC8572F7E86E24 /* ReminderPermissionService.swift */; };
		C477F29F606A5F18AD251C43 /* RemindersOverviewView.swift in Sources */ = {isa = PBXBuildFile; fileRef = 0EAFF1568B5FB78315849D55 /* RemindersOverviewView.swift */; };
		C6DD390F9A64E2B5ECCFCF39 /* AgentReferenceResolverTests.swift in Sources */ = {isa = PBXBuildFile; fileRef = AAEF41BE4F7E0FC4D9F3A964 /* AgentReferenceResolverTests.swift */; };
		C84472794613BFAC8A3C7575 /* AgentUndoExecutor.swift in Sources */ = {isa = PBXBuildFile; fileRef = E23C9510C063D23205387EF9 /* AgentUndoExecutor.swift */; };
		C938A9A289B65ED5B30931B2 /* DoubaoOfficialASRSession.swift in Sources */ = {isa = PBXBuildFile; fileRef = 9A3ED8B29E2AE5B2F628C7A8 /* DoubaoOfficialASRSession.swift */; };
		CCF66C5DAE7DE4C64D00174C /* AgentContextPrivacyView.swift in Sources */ = {isa = PBXBuildFile; fileRef = CA93481CFA9EE54302781479 /* AgentContextPrivacyView.swift */; };
		D06EBA78038440D98FF028B7 /* ReminderBatchExecutionTests.swift in Sources */ = {isa = PBXBuildFile; fileRef = 567650749E6AF737D4B5EAD3 /* ReminderBatchExecutionTests.swift */; };
		D19044AEFA986FFB22859A2B /* AgentRecoveryPlannerTests.swift in Sources */ = {isa = PBXBuildFile; fileRef = 0103D0BD0A605D319559E18A /* AgentRecoveryPlannerTests.swift */; };
		D23C5E2BB6D26203527FF780 /* AgentSessionContextStoreTests.swift in Sources */ = {isa = PBXBuildFile; fileRef = 4863CFAACB2D17441E45F372 /* AgentSessionContextStoreTests.swift */; };
		DFD3804AF92D5D044FA94756 /* ChatHomeView.swift in Sources */ = {isa = PBXBuildFile; fileRef = 7D792DDE49370EE7C7CAE3A3 /* ChatHomeView.swift */; };
		E8EB862263A4A32243F62149 /* ReminderBatchExecution.swift in Sources */ = {isa = PBXBuildFile; fileRef = 32062695EB97059C22AD152D /* ReminderBatchExecution.swift */; };
		F1676C4A38E982B660DD42BD /* AgentEvaluationTests.swift in Sources */ = {isa = PBXBuildFile; fileRef = D0496C7A267F4FBF183BAE32 /* AgentEvaluationTests.swift */; };
		F41C7BB38199272B501B7878 /* AgentSessionSummaryService.swift in Sources */ = {isa = PBXBuildFile; fileRef = 3B69BEDA26004AA0984FF1DD /* AgentSessionSummaryService.swift */; };
		F4CBAB75B6B702B5D0BA7CF5 /* AgentToolModels.swift in Sources */ = {isa = PBXBuildFile; fileRef = BEB4107ADE8962E56B4FBCBD /* AgentToolModels.swift */; };
		F7FF3684CDC0E211C9E143B8 /* AppModel.swift in Sources */ = {isa = PBXBuildFile; fileRef = 08C69BB61262FDDA79992046 /* AppModel.swift */; };
		F9850A24729C6D0A15355761 /* AgentUndoExecutorTests.swift in Sources */ = {isa = PBXBuildFile; fileRef = BD05EB9DE038955B5A850CDE /* AgentUndoExecutorTests.swift */; };
		FA1175C6CEC3704F3319214F /* AgentConversationCoordinator.swift in Sources */ = {isa = PBXBuildFile; fileRef = 336AFB55EB7DFC030DE975AC /* AgentConversationCoordinator.swift */; };
		FD2C26D7657B2BFA02D978A0 /* MainTabView.swift in Sources */ = {isa = PBXBuildFile; fileRef = 208A1E640A25A8A2A70B2A0F /* MainTabView.swift */; };
		FDDD0CF47C80525D7D3ACC41 /* AgentRuntimeService.swift in Sources */ = {isa = PBXBuildFile; fileRef = 39E12F7A97E06494BA29C5DB /* AgentRuntimeService.swift */; };
		FE54EE2491F9EF35B97AE781 /* AgentConversationCoordinatorTests.swift in Sources */ = {isa = PBXBuildFile; fileRef = CC01ADD7C88B2618EC67D1D5 /* AgentConversationCoordinatorTests.swift */; };
		FE9282620BC9D5EF5C8F5201 /* AgentToolEvaluationFixtureTests.swift in Sources */ = {isa = PBXBuildFile; fileRef = F7FBC3665E89661FA9243312 /* AgentToolEvaluationFixtureTests.swift */; };
		FF575A4509A6BEA33F5D1B3C /* AgentRunStore.swift in Sources */ = {isa = PBXBuildFile; fileRef = EA0E8EDD5AF917E8DA75E9EA /* AgentRunStore.swift */; };
/* End PBXBuildFile section */

/* Begin PBXContainerItemProxy section */
		5FE7C487D14593B0322601D1 /* PBXContainerItemProxy */ = {
			isa = PBXContainerItemProxy;
			containerPortal = E96D43B1E51758B5C860CAC4 /* Project object */;
			proxyType = 1;
			remoteGlobalIDString = C7AB9BF5610361E7EDCC6C2B;
			remoteInfo = AIGTDReminders;
		};
/* End PBXContainerItemProxy section */

/* Begin PBXFileReference section */
		0103D0BD0A605D319559E18A /* AgentRecoveryPlannerTests.swift */ = {isa = PBXFileReference; lastKnownFileType = sourcecode.swift; path = AgentRecoveryPlannerTests.swift; sourceTree = "<group>"; };
		01EBD9BD4DB828A12F696953 /* SmokeTests.swift */ = {isa = PBXFileReference; lastKnownFileType = sourcecode.swift; path = SmokeTests.swift; sourceTree = "<group>"; };
		08C69BB61262FDDA79992046 /* AppModel.swift */ = {isa = PBXFileReference; lastKnownFileType = sourcecode.swift; path = AppModel.swift; sourceTree = "<group>"; };
		0D7907A4562986BA27718E3D /* ReschedulePlannerTests.swift */ = {isa = PBXFileReference; lastKnownFileType = sourcecode.swift; path = ReschedulePlannerTests.swift; sourceTree = "<group>"; };
		0EAFF1568B5FB78315849D55 /* RemindersOverviewView.swift */ = {isa = PBXFileReference; lastKnownFileType = sourcecode.swift; path = RemindersOverviewView.swift; sourceTree = "<group>"; };
		0EC160B41D24767E78DE1E07 /* AIGTDAgentDocuments.swift */ = {isa = PBXFileReference; lastKnownFileType = sourcecode.swift; path = AIGTDAgentDocuments.swift; sourceTree = "<group>"; };
		160FCD36BABC8572F7E86E24 /* ReminderPermissionService.swift */ = {isa = PBXFileReference; lastKnownFileType = sourcecode.swift; path = ReminderPermissionService.swift; sourceTree = "<group>"; };
		1F749D29C1583F86683582DA /* RemoteResponseDebugStore.swift */ = {isa = PBXFileReference; lastKnownFileType = sourcecode.swift; path = RemoteResponseDebugStore.swift; sourceTree = "<group>"; };
		208A1E640A25A8A2A70B2A0F /* MainTabView.swift */ = {isa = PBXFileReference; lastKnownFileType = sourcecode.swift; path = MainTabView.swift; sourceTree = "<group>"; };
		2524DFE32D2C0242C8FBE4AF /* MockAgentService.swift */ = {isa = PBXFileReference; lastKnownFileType = sourcecode.swift; path = MockAgentService.swift; sourceTree = "<group>"; };
		27193BA834B90A9D917D87CC /* ReminderStoreGateway.swift */ = {isa = PBXFileReference; lastKnownFileType = sourcecode.swift; path = ReminderStoreGateway.swift; sourceTree = "<group>"; };
		29341403FEBF6867B9CF7C56 /* AIGTDRemindersTests.xctest */ = {isa = PBXFileReference; includeInIndex = 0; lastKnownFileType = wrapper.cfbundle; path = AIGTDRemindersTests.xctest; sourceTree = BUILT_PRODUCTS_DIR; };
		29CD77AE96878FD176DEA9AD /* AgentDocumentContextTests.swift */ = {isa = PBXFileReference; lastKnownFileType = sourcecode.swift; path = AgentDocumentContextTests.swift; sourceTree = "<group>"; };
		2AF41014B94941F66FB27B90 /* AgentReferenceRecorder.swift */ = {isa = PBXFileReference; lastKnownFileType = sourcecode.swift; path = AgentReferenceRecorder.swift; sourceTree = "<group>"; };
		2D47A7B3CA11CF2E8713509C /* AgentStructuredModelClientTests.swift */ = {isa = PBXFileReference; lastKnownFileType = sourcecode.swift; path = AgentStructuredModelClientTests.swift; sourceTree = "<group>"; };
		2E129B4BD95F3A870317CD9E /* Pods-AIGTDReminders.release.xcconfig */ = {isa = PBXFileReference; includeInIndex = 1; lastKnownFileType = text.xcconfig; name = "Pods-AIGTDReminders.release.xcconfig"; path = "Target Support Files/Pods-AIGTDReminders/Pods-AIGTDReminders.release.xcconfig"; sourceTree = "<group>"; };
		311E08002E75968D62D2922D /* agent_tool_eval_cases.json */ = {isa = PBXFileReference; lastKnownFileType = text.json; path = agent_tool_eval_cases.json; sourceTree = "<group>"; };
		32062695EB97059C22AD152D /* ReminderBatchExecution.swift */ = {isa = PBXFileReference; lastKnownFileType = sourcecode.swift; path = ReminderBatchExecution.swift; sourceTree = "<group>"; };
		336AFB55EB7DFC030DE975AC /* AgentConversationCoordinator.swift */ = {isa = PBXFileReference; lastKnownFileType = sourcecode.swift; path = AgentConversationCoordinator.swift; sourceTree = "<group>"; };
		39150E55B8EB615DD8318400 /* AgentSchedulePlanStore.swift */ = {isa = PBXFileReference; lastKnownFileType = sourcecode.swift; path = AgentSchedulePlanStore.swift; sourceTree = "<group>"; };
		39E12F7A97E06494BA29C5DB /* AgentRuntimeService.swift */ = {isa = PBXFileReference; lastKnownFileType = sourcecode.swift; path = AgentRuntimeService.swift; sourceTree = "<group>"; };
		3A9074FC65DD6942DB495D2A /* AgentContextEvaluationFixtureTests.swift */ = {isa = PBXFileReference; lastKnownFileType = sourcecode.swift; path = AgentContextEvaluationFixtureTests.swift; sourceTree = "<group>"; };
		3B0D19F4FEB5D7DFC049EAC5 /* AppleRemindersMapping.swift */ = {isa = PBXFileReference; lastKnownFileType = sourcecode.swift; path = AppleRemindersMapping.swift; sourceTree = "<group>"; };
		3B69BEDA26004AA0984FF1DD /* AgentSessionSummaryService.swift */ = {isa = PBXFileReference; lastKnownFileType = sourcecode.swift; path = AgentSessionSummaryService.swift; sourceTree = "<group>"; };
		40A347872C5391B095D16F28 /* AgentDiagnosticsTests.swift */ = {isa = PBXFileReference; lastKnownFileType = sourcecode.swift; path = AgentDiagnosticsTests.swift; sourceTree = "<group>"; };
		4336186B28915AA2CDE22C74 /* LocalSecretsLoader.swift */ = {isa = PBXFileReference; lastKnownFileType = sourcecode.swift; path = LocalSecretsLoader.swift; sourceTree = "<group>"; };
		47F37D02EEAF6EFD7C80AD30 /* agent_context_eval_cases.json */ = {isa = PBXFileReference; lastKnownFileType = text.json; path = agent_context_eval_cases.json; sourceTree = "<group>"; };
		4863CFAACB2D17441E45F372 /* AgentSessionContextStoreTests.swift */ = {isa = PBXFileReference; lastKnownFileType = sourcecode.swift; path = AgentSessionContextStoreTests.swift; sourceTree = "<group>"; };
		51FAD71C0DCA3A7C7556E86F /* AgentMemoryPolicy.swift */ = {isa = PBXFileReference; lastKnownFileType = sourcecode.swift; path = AgentMemoryPolicy.swift; sourceTree = "<group>"; };
		5300D714E8A130D28C534A1F /* ReminderQueryService.swift */ = {isa = PBXFileReference; lastKnownFileType = sourcecode.swift; path = ReminderQueryService.swift; sourceTree = "<group>"; };
		54F05D02AD51F310ACA5C6EB /* AgentSessionContextStore.swift */ = {isa = PBXFileReference; lastKnownFileType = sourcecode.swift; path = AgentSessionContextStore.swift; sourceTree = "<group>"; };
		567650749E6AF737D4B5EAD3 /* ReminderBatchExecutionTests.swift */ = {isa = PBXFileReference; lastKnownFileType = sourcecode.swift; path = ReminderBatchExecutionTests.swift; sourceTree = "<group>"; };
		5BD5CC43506B2F329746582C /* PersistenceModels.swift */ = {isa = PBXFileReference; lastKnownFileType = sourcecode.swift; path = PersistenceModels.swift; sourceTree = "<group>"; };
		5F9C5677AD35413D864127EA /* Pods_AIGTDReminders.framework */ = {isa = PBXFileReference; explicitFileType = wrapper.framework; includeInIndex = 0; path = Pods_AIGTDReminders.framework; sourceTree = BUILT_PRODUCTS_DIR; };
		61D0CEC8E05241C7FF872775 /* AgentPendingInteractionStore.swift */ = {isa = PBXFileReference; lastKnownFileType = sourcecode.swift; path = AgentPendingInteractionStore.swift; sourceTree = "<group>"; };
		625BA9C8A0D0802629BCF3E7 /* AgentPendingInteractionCommand.swift */ = {isa = PBXFileReference; lastKnownFileType = sourcecode.swift; path = AgentPendingInteractionCommand.swift; sourceTree = "<group>"; };
		69880025DA582D706568A54C /* agent-evaluation-cases.json */ = {isa = PBXFileReference; lastKnownFileType = text.json; path = "agent-evaluation-cases.json"; sourceTree = "<group>"; };
		6B34124AB97C1BDEBF127F35 /* AgentOrchestrator.swift */ = {isa = PBXFileReference; lastKnownFileType = sourcecode.swift; path = AgentOrchestrator.swift; sourceTree = "<group>"; };
		6B90A8FC0F72F25FA724D22C /* AgentToolBatchExecutionTests.swift */ = {isa = PBXFileReference; lastKnownFileType = sourcecode.swift; path = AgentToolBatchExecutionTests.swift; sourceTree = "<group>"; };
		749E6F9BBFC9FA2793ED1A82 /* AgentRecoveryPlanner.swift */ = {isa = PBXFileReference; lastKnownFileType = sourcecode.swift; path = AgentRecoveryPlanner.swift; sourceTree = "<group>"; };
		749FCAD193FF06A604EA4CF8 /* AgentSchedulePlanStoreTests.swift */ = {isa = PBXFileReference; lastKnownFileType = sourcecode.swift; path = AgentSchedulePlanStoreTests.swift; sourceTree = "<group>"; };
		754EC8DBB26532FDC7F98EA1 /* ReminderAgentToolExecutors.swift */ = {isa = PBXFileReference; lastKnownFileType = sourcecode.swift; path = ReminderAgentToolExecutors.swift; sourceTree = "<group>"; };
		77D2B241DA1C9D576CCA9E49 /* AgentContextModels.swift */ = {isa = PBXFileReference; lastKnownFileType = sourcecode.swift; path = AgentContextModels.swift; sourceTree = "<group>"; };
		782950BF73B704F1ACCAF0E8 /* AgentUndoRecordStoreTests.swift */ = {isa = PBXFileReference; lastKnownFileType = sourcecode.swift; path = AgentUndoRecordStoreTests.swift; sourceTree = "<group>"; };
		7D792DDE49370EE7C7CAE3A3 /* ChatHomeView.swift */ = {isa = PBXFileReference; lastKnownFileType = sourcecode.swift; path = ChatHomeView.swift; sourceTree = "<group>"; };
		802BD0311C392351E4A189C2 /* AIGTDReminders.app */ = {isa = PBXFileReference; includeInIndex = 0; lastKnownFileType = wrapper.application; path = AIGTDReminders.app; sourceTree = BUILT_PRODUCTS_DIR; };
		81EA70C7FD6D22D04ED6289E /* AgentUndoRecordStore.swift */ = {isa = PBXFileReference; lastKnownFileType = sourcecode.swift; path = AgentUndoRecordStore.swift; sourceTree = "<group>"; };
		82554A11D47CE838D01EDFC8 /* AgentUndoCommand.swift */ = {isa = PBXFileReference; lastKnownFileType = sourcecode.swift; path = AgentUndoCommand.swift; sourceTree = "<group>"; };
		8673DD19E4129092BA299983 /* AgentToolExecutionLedgerTests.swift */ = {isa = PBXFileReference; lastKnownFileType = sourcecode.swift; path = AgentToolExecutionLedgerTests.swift; sourceTree = "<group>"; };
		87480D675543CCDECFB891CB /* OnboardingRootView.swift */ = {isa = PBXFileReference; lastKnownFileType = sourcecode.swift; path = OnboardingRootView.swift; sourceTree = "<group>"; };
		87646A9679C75D452B03FE39 /* AgentToolBatchExecution.swift */ = {isa = PBXFileReference; lastKnownFileType = sourcecode.swift; path = AgentToolBatchExecution.swift; sourceTree = "<group>"; };
		878BA0831896777B6D59F34A /* AgentRunStoreTests.swift */ = {isa = PBXFileReference; lastKnownFileType = sourcecode.swift; path = AgentRunStoreTests.swift; sourceTree = "<group>"; };
		8C2FFF126F5534B3B93DD737 /* AgentExecutionPolicyEvaluatorTests.swift */ = {isa = PBXFileReference; lastKnownFileType = sourcecode.swift; path = AgentExecutionPolicyEvaluatorTests.swift; sourceTree = "<group>"; };
		970734CECDFEC50A44640CBC /* AgentPendingInteractionCommandTests.swift */ = {isa = PBXFileReference; lastKnownFileType = sourcecode.swift; path = AgentPendingInteractionCommandTests.swift; sourceTree = "<group>"; };
		9A3ED8B29E2AE5B2F628C7A8 /* DoubaoOfficialASRSession.swift */ = {isa = PBXFileReference; lastKnownFileType = sourcecode.swift; path = DoubaoOfficialASRSession.swift; sourceTree = "<group>"; };
		9E7C4AB01F2C8C89AA17BE5B /* AgentReferenceResolver.swift */ = {isa = PBXFileReference; lastKnownFileType = sourcecode.swift; path = AgentReferenceResolver.swift; sourceTree = "<group>"; };
		9E7FC6AD668F4F54377E08C3 /* VoiceTranscriptionService.swift */ = {isa = PBXFileReference; lastKnownFileType = sourcecode.swift; path = VoiceTranscriptionService.swift; sourceTree = "<group>"; };
		9F133E21C3EDDC5486091F74 /* AgentHomeView.swift */ = {isa = PBXFileReference; lastKnownFileType = sourcecode.swift; path = AgentHomeView.swift; sourceTree = "<group>"; };
		A57C47BC5BA7A5574F586D6D /* DefaultConfigurationSeeder.swift */ = {isa = PBXFileReference; lastKnownFileType = sourcecode.swift; path = DefaultConfigurationSeeder.swift; sourceTree = "<group>"; };
		A955246A0E006B7D5B594C5F /* AgentMemoryPolicyTests.swift */ = {isa = PBXFileReference; lastKnownFileType = sourcecode.swift; path = AgentMemoryPolicyTests.swift; sourceTree = "<group>"; };
		A9FE837EE7D805A602A10436 /* zh-Hans */ = {isa = PBXFileReference; lastKnownFileType = text.plist.strings; name = "zh-Hans"; path = "zh-Hans.lproj/Localizable.strings"; sourceTree = "<group>"; };
		AAEF41BE4F7E0FC4D9F3A964 /* AgentReferenceResolverTests.swift */ = {isa = PBXFileReference; lastKnownFileType = sourcecode.swift; path = AgentReferenceResolverTests.swift; sourceTree = "<group>"; };
		ABAB0D9B53C53EA0764EDC4D /* AgentStructuredModelClient.swift */ = {isa = PBXFileReference; lastKnownFileType = sourcecode.swift; path = AgentStructuredModelClient.swift; sourceTree = "<group>"; };
		ADB922E4CE7166A8ED71E0BE /* Assets.xcassets */ = {isa = PBXFileReference; lastKnownFileType = folder.assetcatalog; path = Assets.xcassets; sourceTree = "<group>"; };
		BD05EB9DE038955B5A850CDE /* AgentUndoExecutorTests.swift */ = {isa = PBXFileReference; lastKnownFileType = sourcecode.swift; path = AgentUndoExecutorTests.swift; sourceTree = "<group>"; };
		BDC2541D6F7FE85A0D45DB8E /* AgentTraceService.swift */ = {isa = PBXFileReference; lastKnownFileType = sourcecode.swift; path = AgentTraceService.swift; sourceTree = "<group>"; };
		BEB4107ADE8962E56B4FBCBD /* AgentToolModels.swift */ = {isa = PBXFileReference; lastKnownFileType = sourcecode.swift; path = AgentToolModels.swift; sourceTree = "<group>"; };
		C71C96092D40E6BB32931563 /* AgentUndoCommandTests.swift */ = {isa = PBXFileReference; lastKnownFileType = sourcecode.swift; path = AgentUndoCommandTests.swift; sourceTree = "<group>"; };
		C87E4ACD49E00FC289F8C284 /* RootView.swift */ = {isa = PBXFileReference; lastKnownFileType = sourcecode.swift; path = RootView.swift; sourceTree = "<group>"; };
		C92089647182248143878AD0 /* ModelSettingsView.swift */ = {isa = PBXFileReference; lastKnownFileType = sourcecode.swift; path = ModelSettingsView.swift; sourceTree = "<group>"; };
		CA93481CFA9EE54302781479 /* AgentContextPrivacyView.swift */ = {isa = PBXFileReference; lastKnownFileType = sourcecode.swift; path = AgentContextPrivacyView.swift; sourceTree = "<group>"; };
		CC01ADD7C88B2618EC67D1D5 /* AgentConversationCoordinatorTests.swift */ = {isa = PBXFileReference; lastKnownFileType = sourcecode.swift; path = AgentConversationCoordinatorTests.swift; sourceTree = "<group>"; };
		CF1E538288B1FD2501812153 /* AgentSessionSummaryTests.swift */ = {isa = PBXFileReference; lastKnownFileType = sourcecode.swift; path = AgentSessionSummaryTests.swift; sourceTree = "<group>"; };
		D0496C7A267F4FBF183BAE32 /* AgentEvaluationTests.swift */ = {isa = PBXFileReference; lastKnownFileType = sourcecode.swift; path = AgentEvaluationTests.swift; sourceTree = "<group>"; };
		D23494101E3F7A590C8FAB37 /* AIGTDRemindersApp.swift */ = {isa = PBXFileReference; lastKnownFileType = sourcecode.swift; path = AIGTDRemindersApp.swift; sourceTree = "<group>"; };
		D27D2ECD6E652D41FCEB4CA4 /* en */ = {isa = PBXFileReference; lastKnownFileType = text.plist.strings; name = en; path = en.lproj/Localizable.strings; sourceTree = "<group>"; };
		D76D64E7D62DB1EB65CF0439 /* Pods-AIGTDReminders.debug.xcconfig */ = {isa = PBXFileReference; includeInIndex = 1; lastKnownFileType = text.xcconfig; name = "Pods-AIGTDReminders.debug.xcconfig"; path = "Target Support Files/Pods-AIGTDReminders/Pods-AIGTDReminders.debug.xcconfig"; sourceTree = "<group>"; };
		DA59D5A19254384847732B9B /* AgentContextBuilder.swift */ = {isa = PBXFileReference; lastKnownFileType = sourcecode.swift; path = AgentContextBuilder.swift; sourceTree = "<group>"; };
		DC99913A440A54CDA6AD722C /* ReminderQueryServiceTests.swift */ = {isa = PBXFileReference; lastKnownFileType = sourcecode.swift; path = ReminderQueryServiceTests.swift; sourceTree = "<group>"; };
		DD422EEC423D82DCE927DF7B /* Secrets.local.plist */ = {isa = PBXFileReference; lastKnownFileType = text.plist; path = Secrets.local.plist; sourceTree = "<group>"; };
		DEEC0C5AE8DE491E015A974E /* AgentContextBuilderTests.swift */ = {isa = PBXFileReference; lastKnownFileType = sourcecode.swift; path = AgentContextBuilderTests.swift; sourceTree = "<group>"; };
		DF4CA3B11D09C0C760CB17C0 /* AgentExecutionPolicyEvaluator.swift */ = {isa = PBXFileReference; lastKnownFileType = sourcecode.swift; path = AgentExecutionPolicyEvaluator.swift; sourceTree = "<group>"; };
		E0CC7F983D8C8EA3EBB59ABE /* Secrets.local.plist.example */ = {isa = PBXFileReference; path = Secrets.local.plist.example; sourceTree = "<group>"; };
		E23C9510C063D23205387EF9 /* AgentUndoExecutor.swift */ = {isa = PBXFileReference; lastKnownFileType = sourcecode.swift; path = AgentUndoExecutor.swift; sourceTree = "<group>"; };
		E66D90F440E5999D2D09D6CE /* AgentToolExecutionLedger.swift */ = {isa = PBXFileReference; lastKnownFileType = sourcecode.swift; path = AgentToolExecutionLedger.swift; sourceTree = "<group>"; };
		E740D7B5BEEB15C46306EB1E /* Pods-AIGTDReminders.release.xcconfig */ = {isa = PBXFileReference; lastKnownFileType = text.xcconfig; path = "Pods-AIGTDReminders.release.xcconfig"; sourceTree = "<group>"; };
		E8A86A6560835318796C83C7 /* AgentOrchestratorTests.swift */ = {isa = PBXFileReference; lastKnownFileType = sourcecode.swift; path = AgentOrchestratorTests.swift; sourceTree = "<group>"; };
		EA0E8EDD5AF917E8DA75E9EA /* AgentRunStore.swift */ = {isa = PBXFileReference; lastKnownFileType = sourcecode.swift; path = AgentRunStore.swift; sourceTree = "<group>"; };
		EB48FD4A6260EAA256240488 /* Pods-AIGTDReminders.debug.xcconfig */ = {isa = PBXFileReference; lastKnownFileType = text.xcconfig; path = "Pods-AIGTDReminders.debug.xcconfig"; sourceTree = "<group>"; };
		EFD73380E6207062D47A67E7 /* ReminderAgentToolExecutorsTests.swift */ = {isa = PBXFileReference; lastKnownFileType = sourcecode.swift; path = ReminderAgentToolExecutorsTests.swift; sourceTree = "<group>"; };
		EFEC518B98A5FD325433518E /* AgentPendingInteractionStoreTests.swift */ = {isa = PBXFileReference; lastKnownFileType = sourcecode.swift; path = AgentPendingInteractionStoreTests.swift; sourceTree = "<group>"; };
		F7FBC3665E89661FA9243312 /* AgentToolEvaluationFixtureTests.swift */ = {isa = PBXFileReference; lastKnownFileType = sourcecode.swift; path = AgentToolEvaluationFixtureTests.swift; sourceTree = "<group>"; };
		F8CF40EEDF16D1BE5EE97A2B /* ReminderCommandSafetyTests.swift */ = {isa = PBXFileReference; lastKnownFileType = sourcecode.swift; path = ReminderCommandSafetyTests.swift; sourceTree = "<group>"; };
/* End PBXFileReference section */

/* Begin PBXFrameworksBuildPhase section */
		3D580CAC2DF7B69FE5D69917 /* Frameworks */ = {
			isa = PBXFrameworksBuildPhase;
			buildActionMask = 2147483647;
			files = (
				6EB35D8201611C849CBB46A6 /* Pods_AIGTDReminders.framework in Frameworks */,
			);
			runOnlyForDeploymentPostprocessing = 0;
		};
/* End PBXFrameworksBuildPhase section */

/* Begin PBXGroup section */
		01435017A04B361CF5599E55 /* Frameworks */ = {
			isa = PBXGroup;
			children = (
				5F9C5677AD35413D864127EA /* Pods_AIGTDReminders.framework */,
			);
			name = Frameworks;
			sourceTree = "<group>";
		};
		09CE864ACE9F8CAA36BB164D /* Pods-AIGTDReminders */ = {
			isa = PBXGroup;
			children = (
				EB48FD4A6260EAA256240488 /* Pods-AIGTDReminders.debug.xcconfig */,
				E740D7B5BEEB15C46306EB1E /* Pods-AIGTDReminders.release.xcconfig */,
			);
			name = "Pods-AIGTDReminders";
			path = "Pods/Target Support Files/Pods-AIGTDReminders";
			sourceTree = "<group>";
		};
		15B10CB6394D9CB22CD289E7 /* Features */ = {
			isa = PBXGroup;
			children = (
				85C61284C4BCC15F6E427778 /* Agent */,
				FE32257AA25C2C372B1DE4DD /* Chat */,
				C44B0FB1FAAF9DA7CFB1C6F9 /* Onboarding */,
				7F30B8861B1145EBAA3D12CE /* Reminders */,
			);
			path = Features;
			sourceTree = "<group>";
		};
		160BD40F4DF05DFAE26A1248 /* Services */ = {
			isa = PBXGroup;
			children = (
				DA59D5A19254384847732B9B /* AgentContextBuilder.swift */,
				77D2B241DA1C9D576CCA9E49 /* AgentContextModels.swift */,
				336AFB55EB7DFC030DE975AC /* AgentConversationCoordinator.swift */,
				DF4CA3B11D09C0C760CB17C0 /* AgentExecutionPolicyEvaluator.swift */,
				51FAD71C0DCA3A7C7556E86F /* AgentMemoryPolicy.swift */,
				6B34124AB97C1BDEBF127F35 /* AgentOrchestrator.swift */,
				625BA9C8A0D0802629BCF3E7 /* AgentPendingInteractionCommand.swift */,
				61D0CEC8E05241C7FF872775 /* AgentPendingInteractionStore.swift */,
				749E6F9BBFC9FA2793ED1A82 /* AgentRecoveryPlanner.swift */,
				2AF41014B94941F66FB27B90 /* AgentReferenceRecorder.swift */,
				9E7C4AB01F2C8C89AA17BE5B /* AgentReferenceResolver.swift */,
				EA0E8EDD5AF917E8DA75E9EA /* AgentRunStore.swift */,
				39E12F7A97E06494BA29C5DB /* AgentRuntimeService.swift */,
				39150E55B8EB615DD8318400 /* AgentSchedulePlanStore.swift */,
				54F05D02AD51F310ACA5C6EB /* AgentSessionContextStore.swift */,
				3B69BEDA26004AA0984FF1DD /* AgentSessionSummaryService.swift */,
				ABAB0D9B53C53EA0764EDC4D /* AgentStructuredModelClient.swift */,
				87646A9679C75D452B03FE39 /* AgentToolBatchExecution.swift */,
				E66D90F440E5999D2D09D6CE /* AgentToolExecutionLedger.swift */,
				BEB4107ADE8962E56B4FBCBD /* AgentToolModels.swift */,
				BDC2541D6F7FE85A0D45DB8E /* AgentTraceService.swift */,
				82554A11D47CE838D01EDFC8 /* AgentUndoCommand.swift */,
				E23C9510C063D23205387EF9 /* AgentUndoExecutor.swift */,
				81EA70C7FD6D22D04ED6289E /* AgentUndoRecordStore.swift */,
				0EC160B41D24767E78DE1E07 /* AIGTDAgentDocuments.swift */,
				3B0D19F4FEB5D7DFC049EAC5 /* AppleRemindersMapping.swift */,
				A57C47BC5BA7A5574F586D6D /* DefaultConfigurationSeeder.swift */,
				9A3ED8B29E2AE5B2F628C7A8 /* DoubaoOfficialASRSession.swift */,
				4336186B28915AA2CDE22C74 /* LocalSecretsLoader.swift */,
				2524DFE32D2C0242C8FBE4AF /* MockAgentService.swift */,
				754EC8DBB26532FDC7F98EA1 /* ReminderAgentToolExecutors.swift */,
				32062695EB97059C22AD152D /* ReminderBatchExecution.swift */,
				160FCD36BABC8572F7E86E24 /* ReminderPermissionService.swift */,
				5300D714E8A130D28C534A1F /* ReminderQueryService.swift */,
				27193BA834B90A9D917D87CC /* ReminderStoreGateway.swift */,
				1F749D29C1583F86683582DA /* RemoteResponseDebugStore.swift */,
				9E7FC6AD668F4F54377E08C3 /* VoiceTranscriptionService.swift */,
			);
			path = Services;
			sourceTree = "<group>";
		};
		22E507A2BE1C23BDB7861D40 /* Products */ = {
			isa = PBXGroup;
			children = (
				802BD0311C392351E4A189C2 /* AIGTDReminders.app */,
				29341403FEBF6867B9CF7C56 /* AIGTDRemindersTests.xctest */,
			);
			name = Products;
			sourceTree = "<group>";
		};
		2BC96AC6DBE161E740CBBD33 /* Fixtures */ = {
			isa = PBXGroup;
			children = (
				47F37D02EEAF6EFD7C80AD30 /* agent_context_eval_cases.json */,
				311E08002E75968D62D2922D /* agent_tool_eval_cases.json */,
				69880025DA582D706568A54C /* agent-evaluation-cases.json */,
			);
			name = Fixtures;
			path = Tests/Fixtures;
			sourceTree = "<group>";
		};
		46B4875E8178EF23BCB40D74 /* Models */ = {
			isa = PBXGroup;
			children = (
				08C69BB61262FDDA79992046 /* AppModel.swift */,
				5BD5CC43506B2F329746582C /* PersistenceModels.swift */,
			);
			path = Models;
			sourceTree = "<group>";
		};
		4CE0C2590104226F5C32299F /* Support */ = {
			isa = PBXGroup;
			children = (
				01EBD9BD4DB828A12F696953 /* SmokeTests.swift */,
			);
			path = Support;
			sourceTree = "<group>";
		};
		614CCB688AB11952D8C25E08 /* Resources */ = {
			isa = PBXGroup;
			children = (
				ADB922E4CE7166A8ED71E0BE /* Assets.xcassets */,
				DD422EEC423D82DCE927DF7B /* Secrets.local.plist */,
				E0CC7F983D8C8EA3EBB59ABE /* Secrets.local.plist.example */,
				CF2CDEADC8E6FFC3DCB81ADA /* Localizable.strings */,
			);
			path = Resources;
			sourceTree = "<group>";
		};
		669527B2A0617F1CF852A63D /* App */ = {
			isa = PBXGroup;
			children = (
				D23494101E3F7A590C8FAB37 /* AIGTDRemindersApp.swift */,
				208A1E640A25A8A2A70B2A0F /* MainTabView.swift */,
				C87E4ACD49E00FC289F8C284 /* RootView.swift */,
			);
			path = App;
			sourceTree = "<group>";
		};
		6B436427861DB8547E03BDAC /* Pods */ = {
			isa = PBXGroup;
			children = (
				D76D64E7D62DB1EB65CF0439 /* Pods-AIGTDReminders.debug.xcconfig */,
				2E129B4BD95F3A870317CD9E /* Pods-AIGTDReminders.release.xcconfig */,
			);
			name = Pods;
			path = Pods;
			sourceTree = "<group>";
		};
		724B43F51436F7BD87A672F5 = {
			isa = PBXGroup;
			children = (
				2BC96AC6DBE161E740CBBD33 /* Fixtures */,
				09CE864ACE9F8CAA36BB164D /* Pods-AIGTDReminders */,
				614CCB688AB11952D8C25E08 /* Resources */,
				8A92B57A077FDC83ADFDB543 /* Sources */,
				83A4F7154E14F27108306046 /* Tests */,
				22E507A2BE1C23BDB7861D40 /* Products */,
				6B436427861DB8547E03BDAC /* Pods */,
				01435017A04B361CF5599E55 /* Frameworks */,
			);
			sourceTree = "<group>";
		};
		7F30B8861B1145EBAA3D12CE /* Reminders */ = {
			isa = PBXGroup;
			children = (
				0EAFF1568B5FB78315849D55 /* RemindersOverviewView.swift */,
			);
			path = Reminders;
			sourceTree = "<group>";
		};
		83A4F7154E14F27108306046 /* Tests */ = {
			isa = PBXGroup;
			children = (
				DEEC0C5AE8DE491E015A974E /* AgentContextBuilderTests.swift */,
				3A9074FC65DD6942DB495D2A /* AgentContextEvaluationFixtureTests.swift */,
				CC01ADD7C88B2618EC67D1D5 /* AgentConversationCoordinatorTests.swift */,
				40A347872C5391B095D16F28 /* AgentDiagnosticsTests.swift */,
				29CD77AE96878FD176DEA9AD /* AgentDocumentContextTests.swift */,
				D0496C7A267F4FBF183BAE32 /* AgentEvaluationTests.swift */,
				8C2FFF126F5534B3B93DD737 /* AgentExecutionPolicyEvaluatorTests.swift */,
				A955246A0E006B7D5B594C5F /* AgentMemoryPolicyTests.swift */,
				E8A86A6560835318796C83C7 /* AgentOrchestratorTests.swift */,
				970734CECDFEC50A44640CBC /* AgentPendingInteractionCommandTests.swift */,
				EFEC518B98A5FD325433518E /* AgentPendingInteractionStoreTests.swift */,
				0103D0BD0A605D319559E18A /* AgentRecoveryPlannerTests.swift */,
				AAEF41BE4F7E0FC4D9F3A964 /* AgentReferenceResolverTests.swift */,
				878BA0831896777B6D59F34A /* AgentRunStoreTests.swift */,
				749FCAD193FF06A604EA4CF8 /* AgentSchedulePlanStoreTests.swift */,
				4863CFAACB2D17441E45F372 /* AgentSessionContextStoreTests.swift */,
				CF1E538288B1FD2501812153 /* AgentSessionSummaryTests.swift */,
				2D47A7B3CA11CF2E8713509C /* AgentStructuredModelClientTests.swift */,
				6B90A8FC0F72F25FA724D22C /* AgentToolBatchExecutionTests.swift */,
				F7FBC3665E89661FA9243312 /* AgentToolEvaluationFixtureTests.swift */,
				8673DD19E4129092BA299983 /* AgentToolExecutionLedgerTests.swift */,
				C71C96092D40E6BB32931563 /* AgentUndoCommandTests.swift */,
				BD05EB9DE038955B5A850CDE /* AgentUndoExecutorTests.swift */,
				782950BF73B704F1ACCAF0E8 /* AgentUndoRecordStoreTests.swift */,
				EFD73380E6207062D47A67E7 /* ReminderAgentToolExecutorsTests.swift */,
				567650749E6AF737D4B5EAD3 /* ReminderBatchExecutionTests.swift */,
				F8CF40EEDF16D1BE5EE97A2B /* ReminderCommandSafetyTests.swift */,
				DC99913A440A54CDA6AD722C /* ReminderQueryServiceTests.swift */,
				0D7907A4562986BA27718E3D /* ReschedulePlannerTests.swift */,
				4CE0C2590104226F5C32299F /* Support */,
			);
			path = Tests;
			sourceTree = "<group>";
		};
		85C61284C4BCC15F6E427778 /* Agent */ = {
			isa = PBXGroup;
			children = (
				CA93481CFA9EE54302781479 /* AgentContextPrivacyView.swift */,
				9F133E21C3EDDC5486091F74 /* AgentHomeView.swift */,
				C92089647182248143878AD0 /* ModelSettingsView.swift */,
			);
			path = Agent;
			sourceTree = "<group>";
		};
		8A92B57A077FDC83ADFDB543 /* Sources */ = {
			isa = PBXGroup;
			children = (
				669527B2A0617F1CF852A63D /* App */,
				15B10CB6394D9CB22CD289E7 /* Features */,
				46B4875E8178EF23BCB40D74 /* Models */,
				160BD40F4DF05DFAE26A1248 /* Services */,
			);
			path = Sources;
			sourceTree = "<group>";
		};
		C44B0FB1FAAF9DA7CFB1C6F9 /* Onboarding */ = {
			isa = PBXGroup;
			children = (
				87480D675543CCDECFB891CB /* OnboardingRootView.swift */,
			);
			path = Onboarding;
			sourceTree = "<group>";
		};
		FE32257AA25C2C372B1DE4DD /* Chat */ = {
			isa = PBXGroup;
			children = (
				7D792DDE49370EE7C7CAE3A3 /* ChatHomeView.swift */,
			);
			path = Chat;
			sourceTree = "<group>";
		};
/* End PBXGroup section */

/* Begin PBXNativeTarget section */
		3A28FC10CD1D44F1EF1B7863 /* AIGTDRemindersTests */ = {
			isa = PBXNativeTarget;
			buildConfigurationList = B4A9C344A4447146F71F47DA /* Build configuration list for PBXNativeTarget "AIGTDRemindersTests" */;
			buildPhases = (
				087168401BB9B3D2AC2734DD /* Sources */,
				FB1D1E852CB610D0A105AC40 /* Resources */,
			);
			buildRules = (
			);
			dependencies = (
				37D570A4673AF1D261DB2644 /* PBXTargetDependency */,
			);
			name = AIGTDRemindersTests;
			productName = AIGTDRemindersTests;
			productReference = 29341403FEBF6867B9CF7C56 /* AIGTDRemindersTests.xctest */;
			productType = "com.apple.product-type.bundle.unit-test";
		};
		C7AB9BF5610361E7EDCC6C2B /* AIGTDReminders */ = {
			isa = PBXNativeTarget;
			buildConfigurationList = EA78B49CD781891BE89B532D /* Build configuration list for PBXNativeTarget "AIGTDReminders" */;
			buildPhases = (
				CD8BB25B2455DD8EF60A9436 /* [CP] Check Pods Manifest.lock */,
				396AE852FA412006169A130B /* Sources */,
				D8B121BCAD51B7CC33C59D0C /* Resources */,
				3D580CAC2DF7B69FE5D69917 /* Frameworks */,
				84772B2FD4B39E86524FECBA /* [CP] Embed Pods Frameworks */,
			);
			buildRules = (
			);
			dependencies = (
			);
			name = AIGTDReminders;
			productName = AIGTDReminders;
			productReference = 802BD0311C392351E4A189C2 /* AIGTDReminders.app */;
			productType = "com.apple.product-type.application";
		};
/* End PBXNativeTarget section */

/* Begin PBXProject section */
		E96D43B1E51758B5C860CAC4 /* Project object */ = {
			isa = PBXProject;
			attributes = {
				BuildIndependentTargetsInParallel = YES;
				LastUpgradeCheck = 1430;
				TargetAttributes = {
					3A28FC10CD1D44F1EF1B7863 = {
						DevelopmentTeam = BJ43NTPPMD;
					};
					C7AB9BF5610361E7EDCC6C2B = {
						DevelopmentTeam = BJ43NTPPMD;
					};
				};
			};
			buildConfigurationList = 895734504410A17C34C27305 /* Build configuration list for PBXProject "AIGTDReminders" */;
			developmentRegion = en;
			hasScannedForEncodings = 0;
			knownRegions = (
				Base,
				en,
				"zh-Hans",
			);
			mainGroup = 724B43F51436F7BD87A672F5;
			minimizedProjectReferenceProxies = 1;
			preferredProjectObjectVersion = 77;
			productRefGroup = 22E507A2BE1C23BDB7861D40 /* Products */;
			projectDirPath = "";
			projectRoot = "";
			targets = (
				C7AB9BF5610361E7EDCC6C2B /* AIGTDReminders */,
				3A28FC10CD1D44F1EF1B7863 /* AIGTDRemindersTests */,
			);
		};
/* End PBXProject section */

/* Begin PBXResourcesBuildPhase section */
		D8B121BCAD51B7CC33C59D0C /* Resources */ = {
			isa = PBXResourcesBuildPhase;
			buildActionMask = 2147483647;
			files = (
				2E671B245F8A5BD7BA0CD412 /* Assets.xcassets in Resources */,
				7B75D4B28D070264B12867F0 /* Localizable.strings in Resources */,
				BEE5174E64EF034954DD2D6D /* Secrets.local.plist in Resources */,
				230E589FD4FEE3539D2BE21C /* Secrets.local.plist.example in Resources */,
			);
			runOnlyForDeploymentPostprocessing = 0;
		};
		FB1D1E852CB610D0A105AC40 /* Resources */ = {
			isa = PBXResourcesBuildPhase;
			buildActionMask = 2147483647;
			files = (
				14FD34D3C53AEA882CEDD015 /* agent-evaluation-cases.json in Resources */,
				5BA9548F88D66AFE87FB2EB7 /* agent_context_eval_cases.json in Resources */,
				56FB35CDDEAA97B7BC50F773 /* agent_tool_eval_cases.json in Resources */,
			);
			runOnlyForDeploymentPostprocessing = 0;
		};
/* End PBXResourcesBuildPhase section */

/* Begin PBXShellScriptBuildPhase section */
		84772B2FD4B39E86524FECBA /* [CP] Embed Pods Frameworks */ = {
			isa = PBXShellScriptBuildPhase;
			buildActionMask = 2147483647;
			files = (
			);
			inputFileListPaths = (
				"${PODS_ROOT}/Target Support Files/Pods-AIGTDReminders/Pods-AIGTDReminders-frameworks-${CONFIGURATION}-input-files.xcfilelist",
			);
			name = "[CP] Embed Pods Frameworks";
			outputFileListPaths = (
				"${PODS_ROOT}/Target Support Files/Pods-AIGTDReminders/Pods-AIGTDReminders-frameworks-${CONFIGURATION}-output-files.xcfilelist",
			);
			runOnlyForDeploymentPostprocessing = 0;
			shellPath = /bin/sh;
			shellScript = "\"${PODS_ROOT}/Target Support Files/Pods-AIGTDReminders/Pods-AIGTDReminders-frameworks.sh\"\n";
			showEnvVarsInLog = 0;
		};
		CD8BB25B2455DD8EF60A9436 /* [CP] Check Pods Manifest.lock */ = {
			isa = PBXShellScriptBuildPhase;
			buildActionMask = 2147483647;
			files = (
			);
			inputFileListPaths = (
			);
			inputPaths = (
				"${PODS_PODFILE_DIR_PATH}/Podfile.lock",
				"${PODS_ROOT}/Manifest.lock",
			);
			name = "[CP] Check Pods Manifest.lock";
			outputFileListPaths = (
			);
			outputPaths = (
				"$(DERIVED_FILE_DIR)/Pods-AIGTDReminders-checkManifestLockResult.txt",
			);
			runOnlyForDeploymentPostprocessing = 0;
			shellPath = /bin/sh;
			shellScript = "diff \"${PODS_PODFILE_DIR_PATH}/Podfile.lock\" \"${PODS_ROOT}/Manifest.lock\" > /dev/null\nif [ $? != 0 ] ; then\n    # print error to STDERR\n    echo \"error: The sandbox is not in sync with the Podfile.lock. Run 'pod install' or update your CocoaPods installation.\" >&2\n    exit 1\nfi\n# This output is used by Xcode 'outputs' to avoid re-running this script phase.\necho \"SUCCESS\" > \"${SCRIPT_OUTPUT_FILE_0}\"\n";
			showEnvVarsInLog = 0;
		};
/* End PBXShellScriptBuildPhase section */

/* Begin PBXSourcesBuildPhase section */
		087168401BB9B3D2AC2734DD /* Sources */ = {
			isa = PBXSourcesBuildPhase;
			buildActionMask = 2147483647;
			files = (
				6BBCFD367C4A03B8820B222A /* AgentContextBuilderTests.swift in Sources */,
				9FECE82229E9BDCF768543DF /* AgentContextEvaluationFixtureTests.swift in Sources */,
				FE54EE2491F9EF35B97AE781 /* AgentConversationCoordinatorTests.swift in Sources */,
				BFFCC36D74C3E45ABB5E9B8B /* AgentDiagnosticsTests.swift in Sources */,
				5955508DC49DE4BD710FB80D /* AgentDocumentContextTests.swift in Sources */,
				F1676C4A38E982B660DD42BD /* AgentEvaluationTests.swift in Sources */,
				436118BB8996C3066471D2C2 /* AgentExecutionPolicyEvaluatorTests.swift in Sources */,
				4F45D2821BE12A35F19ADA20 /* AgentMemoryPolicyTests.swift in Sources */,
				98585CF759CA1E71D32B0EDA /* AgentOrchestratorTests.swift in Sources */,
				058E1CEF6D2E4870269225B6 /* AgentPendingInteractionCommandTests.swift in Sources */,
				3ECE0C5144158C5B5243F868 /* AgentPendingInteractionStoreTests.swift in Sources */,
				D19044AEFA986FFB22859A2B /* AgentRecoveryPlannerTests.swift in Sources */,
				C6DD390F9A64E2B5ECCFCF39 /* AgentReferenceResolverTests.swift in Sources */,
				A7D79C64F7B101F79DD8515F /* AgentRunStoreTests.swift in Sources */,
				A7A0567A633A8FCDCD2714DB /* AgentSchedulePlanStoreTests.swift in Sources */,
				D23C5E2BB6D26203527FF780 /* AgentSessionContextStoreTests.swift in Sources */,
				6BD1870F03E44A35D4CFF90E /* AgentSessionSummaryTests.swift in Sources */,
				378286AF9DF81837AC938608 /* AgentStructuredModelClientTests.swift in Sources */,
				422DD634CB3507557E2CE48C /* AgentToolBatchExecutionTests.swift in Sources */,
				FE9282620BC9D5EF5C8F5201 /* AgentToolEvaluationFixtureTests.swift in Sources */,
				BB6A91BC04BD094FDF3E2090 /* AgentToolExecutionLedgerTests.swift in Sources */,
				912DC57FF05775D593BCF70E /* AgentUndoCommandTests.swift in Sources */,
				F9850A24729C6D0A15355761 /* AgentUndoExecutorTests.swift in Sources */,
				3F1C53AD9B88216F50DDE2D9 /* AgentUndoRecordStoreTests.swift in Sources */,
				79EADE685771EF1DDAB87D5B /* ReminderAgentToolExecutorsTests.swift in Sources */,
				D06EBA78038440D98FF028B7 /* ReminderBatchExecutionTests.swift in Sources */,
				74EF71E0BB1086075B2CFA33 /* ReminderCommandSafetyTests.swift in Sources */,
				1B097FC80219208736D9F8A0 /* ReminderQueryServiceTests.swift in Sources */,
				999F5FBA9E43C46AC3275A9A /* ReschedulePlannerTests.swift in Sources */,
				771EE99D656DAC6E04CD8EAB /* SmokeTests.swift in Sources */,
			);
			runOnlyForDeploymentPostprocessing = 0;
		};
		396AE852FA412006169A130B /* Sources */ = {
			isa = PBXSourcesBuildPhase;
			buildActionMask = 2147483647;
			files = (
				4A8B296AAFA1B0C055BCDCF1 /* AIGTDAgentDocuments.swift in Sources */,
				29C9ACB09BFE662A5BB73B8D /* AIGTDRemindersApp.swift in Sources */,
				938468A6BB0B4F4CF5259EB1 /* AgentContextBuilder.swift in Sources */,
				5D24263642CF9335EBE11075 /* AgentContextModels.swift in Sources */,
				CCF66C5DAE7DE4C64D00174C /* AgentContextPrivacyView.swift in Sources */,
				FA1175C6CEC3704F3319214F /* AgentConversationCoordinator.swift in Sources */,
				094058AD91F2E2E35CF19249 /* AgentExecutionPolicyEvaluator.swift in Sources */,
				ACBD27044522B194186CE16A /* AgentHomeView.swift in Sources */,
				9E146E76E4B625A8C863C0C6 /* AgentMemoryPolicy.swift in Sources */,
				0417EC953AF2E553AD1E4151 /* AgentOrchestrator.swift in Sources */,
				23A6E46C36C202AB9622A44D /* AgentPendingInteractionCommand.swift in Sources */,
				2601BD9781015D78AC01BE4D /* AgentPendingInteractionStore.swift in Sources */,
				A6A5AE8A05F6A43C97415EE0 /* AgentRecoveryPlanner.swift in Sources */,
				66ADE3A2C57E8F72541225B6 /* AgentReferenceRecorder.swift in Sources */,
				5A0B3033678E50DAC903D63D /* AgentReferenceResolver.swift in Sources */,
				FF575A4509A6BEA33F5D1B3C /* AgentRunStore.swift in Sources */,
				FDDD0CF47C80525D7D3ACC41 /* AgentRuntimeService.swift in Sources */,
				4B7D3F9EA92D845D4065B722 /* AgentSchedulePlanStore.swift in Sources */,
				124FD73019AF5E5B6A589672 /* AgentSessionContextStore.swift in Sources */,
				F41C7BB38199272B501B7878 /* AgentSessionSummaryService.swift in Sources */,
				0C99A88F29D2BA41DD32D10C /* AgentStructuredModelClient.swift in Sources */,
				5C0BA0AC461A267352A3E19F /* AgentToolBatchExecution.swift in Sources */,
				83A48928971A656B939F3383 /* AgentToolExecutionLedger.swift in Sources */,
				F4CBAB75B6B702B5D0BA7CF5 /* AgentToolModels.swift in Sources */,
				67C951FBA23E7788F9BAA103 /* AgentTraceService.swift in Sources */,
				07B5998A2A36A328D9A65974 /* AgentUndoCommand.swift in Sources */,
				C84472794613BFAC8A3C7575 /* AgentUndoExecutor.swift in Sources */,
				00B42D6833ECBC3F21E7ACD8 /* AgentUndoRecordStore.swift in Sources */,
				F7FF3684CDC0E211C9E143B8 /* AppModel.swift in Sources */,
				5BAEBB9D580B4B424A8015C4 /* AppleRemindersMapping.swift in Sources */,
				DFD3804AF92D5D044FA94756 /* ChatHomeView.swift in Sources */,
				492401C23F008035267ACCD8 /* DefaultConfigurationSeeder.swift in Sources */,
				C938A9A289B65ED5B30931B2 /* DoubaoOfficialASRSession.swift in Sources */,
				A3212364FC81AC936674F836 /* LocalSecretsLoader.swift in Sources */,
				FD2C26D7657B2BFA02D978A0 /* MainTabView.swift in Sources */,
				76DEE11C4B8B91F3CCA9E83A /* MockAgentService.swift in Sources */,
				60E90CD2F2129A7D8CE3CB9B /* ModelSettingsView.swift in Sources */,
				BE9FD5179F7CA0F1BBF219F1 /* OnboardingRootView.swift in Sources */,
				BC5F86342772E0B4253D9918 /* PersistenceModels.swift in Sources */,
				115B1B0973B4D91AFCBAAE2C /* ReminderAgentToolExecutors.swift in Sources */,
				E8EB862263A4A32243F62149 /* ReminderBatchExecution.swift in Sources */,
				C0CF1576D8ACB4BAEA59B430 /* ReminderPermissionService.swift in Sources */,
				953C0FA4F6185FFF7D951C4E /* ReminderQueryService.swift in Sources */,
				621BFBE4E66D27620D412702 /* ReminderStoreGateway.swift in Sources */,
				C477F29F606A5F18AD251C43 /* RemindersOverviewView.swift in Sources */,
				309549CFDC9B00AB1CEE1EF4 /* RemoteResponseDebugStore.swift in Sources */,
				38EC65C0D26ED3EE15580C62 /* RootView.swift in Sources */,
				21CF03D972636AE7F2E50D21 /* VoiceTranscriptionService.swift in Sources */,
			);
			runOnlyForDeploymentPostprocessing = 0;
		};
/* End PBXSourcesBuildPhase section */

/* Begin PBXTargetDependency section */
		37D570A4673AF1D261DB2644 /* PBXTargetDependency */ = {
			isa = PBXTargetDependency;
			target = C7AB9BF5610361E7EDCC6C2B /* AIGTDReminders */;
			targetProxy = 5FE7C487D14593B0322601D1 /* PBXContainerItemProxy */;
		};
/* End PBXTargetDependency section */

/* Begin PBXVariantGroup section */
		CF2CDEADC8E6FFC3DCB81ADA /* Localizable.strings */ = {
			isa = PBXVariantGroup;
			children = (
				D27D2ECD6E652D41FCEB4CA4 /* en */,
				A9FE837EE7D805A602A10436 /* zh-Hans */,
			);
			name = Localizable.strings;
			sourceTree = "<group>";
		};
/* End PBXVariantGroup section */

/* Begin XCBuildConfiguration section */
		0BAABF2BDA16A42BF0CE7ECB /* Debug */ = {
			isa = XCBuildConfiguration;
			buildSettings = {
				ALWAYS_SEARCH_USER_PATHS = NO;
				CLANG_ANALYZER_NONNULL = YES;
				CLANG_ANALYZER_NUMBER_OBJECT_CONVERSION = YES_AGGRESSIVE;
				CLANG_CXX_LANGUAGE_STANDARD = "gnu++14";
				CLANG_CXX_LIBRARY = "libc++";
				CLANG_ENABLE_MODULES = YES;
				CLANG_ENABLE_OBJC_ARC = YES;
				CLANG_ENABLE_OBJC_WEAK = YES;
				CLANG_WARN_BLOCK_CAPTURE_AUTORELEASING = YES;
				CLANG_WARN_BOOL_CONVERSION = YES;
				CLANG_WARN_COMMA = YES;
				CLANG_WARN_CONSTANT_CONVERSION = YES;
				CLANG_WARN_DEPRECATED_OBJC_IMPLEMENTATIONS = YES;
				CLANG_WARN_DIRECT_OBJC_ISA_USAGE = YES_ERROR;
				CLANG_WARN_DOCUMENTATION_COMMENTS = YES;
				CLANG_WARN_EMPTY_BODY = YES;
				CLANG_WARN_ENUM_CONVERSION = YES;
				CLANG_WARN_INFINITE_RECURSION = YES;
				CLANG_WARN_INT_CONVERSION = YES;
				CLANG_WARN_NON_LITERAL_NULL_CONVERSION = YES;
				CLANG_WARN_OBJC_IMPLICIT_RETAIN_SELF = YES;
				CLANG_WARN_OBJC_LITERAL_CONVERSION = YES;
				CLANG_WARN_OBJC_ROOT_CLASS = YES_ERROR;
				CLANG_WARN_QUOTED_INCLUDE_IN_FRAMEWORK_HEADER = YES;
				CLANG_WARN_RANGE_LOOP_ANALYSIS = YES;
				CLANG_WARN_STRICT_PROTOTYPES = YES;
				CLANG_WARN_SUSPICIOUS_MOVE = YES;
				CLANG_WARN_UNGUARDED_AVAILABILITY = YES_AGGRESSIVE;
				CLANG_WARN_UNREACHABLE_CODE = YES;
				CLANG_WARN__DUPLICATE_METHOD_MATCH = YES;
				COPY_PHASE_STRIP = NO;
				CURRENT_PROJECT_VERSION = 20;
				DEBUG_INFORMATION_FORMAT = dwarf;
				ENABLE_STRICT_OBJC_MSGSEND = YES;
				ENABLE_TESTABILITY = YES;
				ENABLE_USER_SCRIPT_SANDBOXING = NO;
				GCC_C_LANGUAGE_STANDARD = gnu11;
				GCC_DYNAMIC_NO_PIC = NO;
				GCC_NO_COMMON_BLOCKS = YES;
				GCC_OPTIMIZATION_LEVEL = 0;
				GCC_PREPROCESSOR_DEFINITIONS = (
					"$(inherited)",
					"DEBUG=1",
				);
				GCC_WARN_64_TO_32_BIT_CONVERSION = YES;
				GCC_WARN_ABOUT_RETURN_TYPE = YES_ERROR;
				GCC_WARN_UNDECLARED_SELECTOR = YES;
				GCC_WARN_UNINITIALIZED_AUTOS = YES_AGGRESSIVE;
				GCC_WARN_UNUSED_FUNCTION = YES;
				GCC_WARN_UNUSED_VARIABLE = YES;
				IPHONEOS_DEPLOYMENT_TARGET = 18.0;
				MARKETING_VERSION = 0.6.0;
				MTL_ENABLE_DEBUG_INFO = INCLUDE_SOURCE;
				MTL_FAST_MATH = YES;
				ONLY_ACTIVE_ARCH = YES;
				PRODUCT_NAME = "AIGTD Reminders";
				SDKROOT = iphoneos;
				SWIFT_ACTIVE_COMPILATION_CONDITIONS = DEBUG;
				SWIFT_OPTIMIZATION_LEVEL = "-Onone";
				SWIFT_VERSION = 6.0;
			};
			name = Debug;
		};
		4C69E33D3F7BF38FAB2A4DAD /* Release */ = {
			isa = XCBuildConfiguration;
			baseConfigurationReference = 2E129B4BD95F3A870317CD9E /* Pods-AIGTDReminders.release.xcconfig */;
			buildSettings = {
				ASSETCATALOG_COMPILER_APPICON_NAME = AppIcon;
				CODE_SIGN_IDENTITY = "iPhone Developer";
				DEVELOPMENT_TEAM = BJ43NTPPMD;
				GENERATE_INFOPLIST_FILE = YES;
				HEADER_SEARCH_PATHS = (
					"$(inherited)",
					"$(SRCROOT)/Pods/SpeechEngineAsrToB/pod/classes/SpeechEngine",
					"$(SRCROOT)/Pods/SpeechEngineAsrToB/pod/classes/ResourceManager",
				);
				INFOPLIST_KEY_CFBundleAllowMixedLocalizations = YES;
				INFOPLIST_KEY_CFBundleDevelopmentRegion = en;
				INFOPLIST_KEY_CFBundleDisplayName = AIGTD;
				INFOPLIST_KEY_ITSAppUsesNonExemptEncryption = NO;
				INFOPLIST_KEY_NSMicrophoneUsageDescription = "AIGTD needs microphone access so it can record your voice and transcribe it into tasks.";
				INFOPLIST_KEY_NSRemindersFullAccessUsageDescription = "AIGTD needs access to your reminders so it can read, create, and update tasks for you.";
				INFOPLIST_KEY_NSRemindersUsageDescription = "AIGTD needs access to your reminders so it can read, create, and update tasks for you.";
				INFOPLIST_KEY_UIApplicationSceneManifest_Generation = YES;
				INFOPLIST_KEY_UIApplicationSupportsIndirectInputEvents = YES;
				INFOPLIST_KEY_UILaunchScreen_Generation = YES;
				INFOPLIST_KEY_UIRequiresFullScreen = YES;
				PRODUCT_BUNDLE_IDENTIFIER = com.wan.todo.aigtdreminders;
				PRODUCT_MODULE_NAME = AIGTDReminders;
				SDKROOT = iphoneos;
				SWIFT_OBJC_BRIDGING_HEADER = "Sources/Support/AIGTDReminders-Bridging-Header.h";
				TARGETED_DEVICE_FAMILY = "1,2";
			};
			name = Release;
		};
		75A7C12A5501949FDDDDAB75 /* Release */ = {
			isa = XCBuildConfiguration;
			buildSettings = {
				BUNDLE_LOADER = "$(TEST_HOST)";
				DEVELOPMENT_TEAM = BJ43NTPPMD;
				"EXCLUDED_ARCHS[sdk=iphonesimulator*]" = arm64;
				GENERATE_INFOPLIST_FILE = YES;
				HEADER_SEARCH_PATHS = (
					"$(inherited)",
					"$(SRCROOT)/Pods/SpeechEngineAsrToB/pod/classes/SpeechEngine",
					"$(SRCROOT)/Pods/SpeechEngineAsrToB/pod/classes/ResourceManager",
				);
				LD_RUNPATH_SEARCH_PATHS = (
					"$(inherited)",
					"@executable_path/Frameworks",
					"@loader_path/Frameworks",
				);
				PRODUCT_BUNDLE_IDENTIFIER = com.wan.todo.aigtdreminders.tests;
				PRODUCT_MODULE_NAME = AIGTDRemindersTests;
				PRODUCT_NAME = AIGTDRemindersTests;
				SDKROOT = iphoneos;
				TARGETED_DEVICE_FAMILY = "1,2";
				TEST_HOST = "$(BUILT_PRODUCTS_DIR)/AIGTD Reminders.app/AIGTD Reminders";
			};
			name = Release;
		};
		8F40C9BC2D271AC9AE533515 /* Debug */ = {
			isa = XCBuildConfiguration;
			baseConfigurationReference = D76D64E7D62DB1EB65CF0439 /* Pods-AIGTDReminders.debug.xcconfig */;
			buildSettings = {
				ASSETCATALOG_COMPILER_APPICON_NAME = AppIcon;
				CODE_SIGN_IDENTITY = "iPhone Developer";
				DEVELOPMENT_TEAM = BJ43NTPPMD;
				GENERATE_INFOPLIST_FILE = YES;
				HEADER_SEARCH_PATHS = (
					"$(inherited)",
					"$(SRCROOT)/Pods/SpeechEngineAsrToB/pod/classes/SpeechEngine",
					"$(SRCROOT)/Pods/SpeechEngineAsrToB/pod/classes/ResourceManager",
				);
				INFOPLIST_KEY_CFBundleAllowMixedLocalizations = YES;
				INFOPLIST_KEY_CFBundleDevelopmentRegion = en;
				INFOPLIST_KEY_CFBundleDisplayName = AIGTD;
				INFOPLIST_KEY_ITSAppUsesNonExemptEncryption = NO;
				INFOPLIST_KEY_NSMicrophoneUsageDescription = "AIGTD needs microphone access so it can record your voice and transcribe it into tasks.";
				INFOPLIST_KEY_NSRemindersFullAccessUsageDescription = "AIGTD needs access to your reminders so it can read, create, and update tasks for you.";
				INFOPLIST_KEY_NSRemindersUsageDescription = "AIGTD needs access to your reminders so it can read, create, and update tasks for you.";
				INFOPLIST_KEY_UIApplicationSceneManifest_Generation = YES;
				INFOPLIST_KEY_UIApplicationSupportsIndirectInputEvents = YES;
				INFOPLIST_KEY_UILaunchScreen_Generation = YES;
				INFOPLIST_KEY_UIRequiresFullScreen = YES;
				PRODUCT_BUNDLE_IDENTIFIER = com.wan.todo.aigtdreminders;
				PRODUCT_MODULE_NAME = AIGTDReminders;
				SDKROOT = iphoneos;
				SWIFT_OBJC_BRIDGING_HEADER = "Sources/Support/AIGTDReminders-Bridging-Header.h";
				TARGETED_DEVICE_FAMILY = "1,2";
			};
			name = Debug;
		};
		B35F99AFA7E5DE2B2417B84A /* Debug */ = {
			isa = XCBuildConfiguration;
			buildSettings = {
				BUNDLE_LOADER = "$(TEST_HOST)";
				DEVELOPMENT_TEAM = BJ43NTPPMD;
				"EXCLUDED_ARCHS[sdk=iphonesimulator*]" = arm64;
				GENERATE_INFOPLIST_FILE = YES;
				HEADER_SEARCH_PATHS = (
					"$(inherited)",
					"$(SRCROOT)/Pods/SpeechEngineAsrToB/pod/classes/SpeechEngine",
					"$(SRCROOT)/Pods/SpeechEngineAsrToB/pod/classes/ResourceManager",
				);
				LD_RUNPATH_SEARCH_PATHS = (
					"$(inherited)",
					"@executable_path/Frameworks",
					"@loader_path/Frameworks",
				);
				PRODUCT_BUNDLE_IDENTIFIER = com.wan.todo.aigtdreminders.tests;
				PRODUCT_MODULE_NAME = AIGTDRemindersTests;
				PRODUCT_NAME = AIGTDRemindersTests;
				SDKROOT = iphoneos;
				TARGETED_DEVICE_FAMILY = "1,2";
				TEST_HOST = "$(BUILT_PRODUCTS_DIR)/AIGTD Reminders.app/AIGTD Reminders";
			};
			name = Debug;
		};
		C647DB85BABAD527ADAA468B /* Release */ = {
			isa = XCBuildConfiguration;
			buildSettings = {
				ALWAYS_SEARCH_USER_PATHS = NO;
				CLANG_ANALYZER_NONNULL = YES;
				CLANG_ANALYZER_NUMBER_OBJECT_CONVERSION = YES_AGGRESSIVE;
				CLANG_CXX_LANGUAGE_STANDARD = "gnu++14";
				CLANG_CXX_LIBRARY = "libc++";
				CLANG_ENABLE_MODULES = YES;
				CLANG_ENABLE_OBJC_ARC = YES;
				CLANG_ENABLE_OBJC_WEAK = YES;
				CLANG_WARN_BLOCK_CAPTURE_AUTORELEASING = YES;
				CLANG_WARN_BOOL_CONVERSION = YES;
				CLANG_WARN_COMMA = YES;
				CLANG_WARN_CONSTANT_CONVERSION = YES;
				CLANG_WARN_DEPRECATED_OBJC_IMPLEMENTATIONS = YES;
				CLANG_WARN_DIRECT_OBJC_ISA_USAGE = YES_ERROR;
				CLANG_WARN_DOCUMENTATION_COMMENTS = YES;
				CLANG_WARN_EMPTY_BODY = YES;
				CLANG_WARN_ENUM_CONVERSION = YES;
				CLANG_WARN_INFINITE_RECURSION = YES;
				CLANG_WARN_INT_CONVERSION = YES;
				CLANG_WARN_NON_LITERAL_NULL_CONVERSION = YES;
				CLANG_WARN_OBJC_IMPLICIT_RETAIN_SELF = YES;
				CLANG_WARN_OBJC_LITERAL_CONVERSION = YES;
				CLANG_WARN_OBJC_ROOT_CLASS = YES_ERROR;
				CLANG_WARN_QUOTED_INCLUDE_IN_FRAMEWORK_HEADER = YES;
				CLANG_WARN_RANGE_LOOP_ANALYSIS = YES;
				CLANG_WARN_STRICT_PROTOTYPES = YES;
				CLANG_WARN_SUSPICIOUS_MOVE = YES;
				CLANG_WARN_UNGUARDED_AVAILABILITY = YES_AGGRESSIVE;
				CLANG_WARN_UNREACHABLE_CODE = YES;
				CLANG_WARN__DUPLICATE_METHOD_MATCH = YES;
				COPY_PHASE_STRIP = NO;
				CURRENT_PROJECT_VERSION = 20;
				DEBUG_INFORMATION_FORMAT = "dwarf-with-dsym";
				ENABLE_NS_ASSERTIONS = NO;
				ENABLE_STRICT_OBJC_MSGSEND = YES;
				ENABLE_USER_SCRIPT_SANDBOXING = NO;
				GCC_C_LANGUAGE_STANDARD = gnu11;
				GCC_NO_COMMON_BLOCKS = YES;
				GCC_WARN_64_TO_32_BIT_CONVERSION = YES;
				GCC_WARN_ABOUT_RETURN_TYPE = YES_ERROR;
				GCC_WARN_UNDECLARED_SELECTOR = YES;
				GCC_WARN_UNINITIALIZED_AUTOS = YES_AGGRESSIVE;
				GCC_WARN_UNUSED_FUNCTION = YES;
				GCC_WARN_UNUSED_VARIABLE = YES;
				IPHONEOS_DEPLOYMENT_TARGET = 18.0;
				MARKETING_VERSION = 0.6.0;
				MTL_ENABLE_DEBUG_INFO = NO;
				MTL_FAST_MATH = YES;
				PRODUCT_NAME = "AIGTD Reminders";
				SDKROOT = iphoneos;
				SWIFT_COMPILATION_MODE = wholemodule;
				SWIFT_OPTIMIZATION_LEVEL = "-O";
				SWIFT_VERSION = 6.0;
			};
			name = Release;
		};
/* End XCBuildConfiguration section */

/* Begin XCConfigurationList section */
		895734504410A17C34C27305 /* Build configuration list for PBXProject "AIGTDReminders" */ = {
			isa = XCConfigurationList;
			buildConfigurations = (
				0BAABF2BDA16A42BF0CE7ECB /* Debug */,
				C647DB85BABAD527ADAA468B /* Release */,
			);
			defaultConfigurationIsVisible = 0;
			defaultConfigurationName = Debug;
		};
		B4A9C344A4447146F71F47DA /* Build configuration list for PBXNativeTarget "AIGTDRemindersTests" */ = {
			isa = XCConfigurationList;
			buildConfigurations = (
				B35F99AFA7E5DE2B2417B84A /* Debug */,
				75A7C12A5501949FDDDDAB75 /* Release */,
			);
			defaultConfigurationIsVisible = 0;
			defaultConfigurationName = Debug;
		};
		EA78B49CD781891BE89B532D /* Build configuration list for PBXNativeTarget "AIGTDReminders" */ = {
			isa = XCConfigurationList;
			buildConfigurations = (
				8F40C9BC2D271AC9AE533515 /* Debug */,
				4C69E33D3F7BF38FAB2A4DAD /* Release */,
			);
			defaultConfigurationIsVisible = 0;
			defaultConfigurationName = Debug;
		};
/* End XCConfigurationList section */
	};
	rootObject = E96D43B1E51758B5C860CAC4 /* Project object */;
}
